
Microsoft Visual Studio Solution File, Format Version 12.00
# Visual Studio Version 17
VisualStudioVersion = 17.6.33712.159
MinimumVisualStudioVersion = 10.0.40219.1
Project("{FAE04EC0-301F-11D3-BF4B-00C04F79EFBC}") = "CDMangager", "CDMangager\CDMangager.csproj", "{0FC8BBEA-3BFC-4BC6-A7BC-4167F757482F}"
EndProject
Global
	GlobalSection(SolutionConfigurationPlatforms) = preSolution
		Debug|Any CPU = Debug|Any CPU
		Release|Any CPU = Release|Any CPU
	EndGlobalSection
	GlobalSection(ProjectConfigurationPlatforms) = postSolution
		{0FC8BBEA-3BFC-4BC6-A7BC-4167F757482F}.Debug|Any CPU.ActiveCfg = Debug|Any CPU
		{0FC8BBEA-3BFC-4BC6-A7BC-4167F757482F}.Debug|Any CPU.Build.0 = Debug|Any CPU
		{0FC8BBEA-3BFC-4BC6-A7BC-4167F757482F}.Release|Any CPU.ActiveCfg = Release|Any CPU
		{0FC8BBEA-3BFC-4BC6-A7BC-4167F757482F}.Release|Any CPU.Build.0 = Release|Any CPU
	EndGlobalSection
	GlobalSection(SolutionProperties) = preSolution
		HideSolutionNode = FALSE
	EndGlobalSection
	GlobalSection(ExtensibilityGlobals) = postSolution
		SolutionGuid = {30EBEDCF-66BA-445C-8ABC-EFE2EA2D7320}
	EndGlobalSection
EndGlobal
